// !$*UTF8*$!
{
	archiveVersion = 1;
	classes = {
	};
	objectVersion = 46;
	objects = {

/* Begin PBXBuildFile section */
		08DB6C53A3565A6DEB025E65 /* Node.cpp in Sources */ = {isa = PBXBuildFile; fileRef = 25B37904B5001247EDF633BA /* Node.cpp */; };
		214222E9104F4F8834D94CB8 /* SensorModule.cpp in Sources */ = {isa = PBXBuildFile; fileRef = 075D39EA5F17F36A03F0B12F /* SensorModule.cpp */; };
		40575BC42E6DB2A73DBCBD94 /* DisplayModule.cpp in Sources */ = {isa = PBXBuildFile; fileRef = 69E01F62249A3650A0C85734 /* DisplayModule.cpp */; };
		512CABC2429BAEAA018305C3 /* StringConverterModule.cpp in Sources */ = {isa = PBXBuildFile; fileRef = 211CAB43D3E45EC0F935E4A5 /* StringConverterModule.cpp */; };
		6DC9090E7B430623979A96F3 /* LogicModule.cpp in Sources */ = {isa = PBXBuildFile; fileRef = 53E4CB1A117A5BB6452ED760 /* LogicModule.cpp */; };
		6FAA22B805199FFFF5D08056 /* ujson.cpp in Sources */ = {isa = PBXBuildFile; fileRef = 8611993FBB50A307F6FCC97E /* ujson.cpp */; };
		80E510683E0CA819D6601B12 /* CounterModule.cpp in Sources */ = {isa = PBXBuildFile; fileRef = CCD1F9A2C7C12136C23E21C1 /* CounterModule.cpp */; };
		855E56368094E59DF71D4471 /* Connector.cpp in Sources */ = {isa = PBXBuildFile; fileRef = 1C4E0F10252716DACC38929F /* Connector.cpp */; };
		885FC592853A7A6D0A53BD79 /* double-conversion.cc in Sources */ = {isa = PBXBuildFile; fileRef = 212890F56D21E8CB8EF64A92 /* double-conversion.cc */; };
		95A8A4726D64C739094E0FCB /* HardwareModule.cpp in Sources */ = {isa = PBXBuildFile; fileRef = 8C7E464565E686082F260FB8 /* HardwareModule.cpp */; };
		9CF4130A7E6DA19A3DC42B9A /* ofxSmartFont.cpp in Sources */ = {isa = PBXBuildFile; fileRef = C954E0E8B7DB9D6983309883 /* ofxSmartFont.cpp */; };
		AD2BFDFC32FD89FBD4EC657A /* ConditionModule.cpp in Sources */ = {isa = PBXBuildFile; fileRef = 07F51780B867D37078409E89 /* ConditionModule.cpp */; };
		C9466C434D1CF8AB968D298D /* ofxDatGui.cpp in Sources */ = {isa = PBXBuildFile; fileRef = 26490D7CC31EF7D6ED5F925A /* ofxDatGui.cpp */; };
		D3C1C48E59CAA2D68C0DD477 /* ofxDatGuiComponent.cpp in Sources */ = {isa = PBXBuildFile; fileRef = 1A3E3B8F332A1A3C7EDF4998 /* ofxDatGuiComponent.cpp */; };
		DB7374183D60F14B5BEDC2C4 /* thunderclap.cpp in Sources */ = {isa = PBXBuildFile; fileRef = A07AFDA743CC96DA03E26F6F /* thunderclap.cpp */; };
		DDAB943DCC3E9E9B009B4A13 /* Module.cpp in Sources */ = {isa = PBXBuildFile; fileRef = B7D8BEAA531A329847B85672 /* Module.cpp */; };
		E4328149138ABC9F0047C5CB /* openFrameworksDebug.a in Frameworks */ = {isa = PBXBuildFile; fileRef = E4328148138ABC890047C5CB /* openFrameworksDebug.a */; };
		E4B69E200A3A1BDC003C02F2 /* main.cpp in Sources */ = {isa = PBXBuildFile; fileRef = E4B69E1D0A3A1BDC003C02F2 /* main.cpp */; };
		E4B69E210A3A1BDC003C02F2 /* ofApp.cpp in Sources */ = {isa = PBXBuildFile; fileRef = E4B69E1E0A3A1BDC003C02F2 /* ofApp.cpp */; };
		F22AEE6ED97C684907181FE9 /* ofxHierarchy.cpp in Sources */ = {isa = PBXBuildFile; fileRef = DF027D62430F87942CC96DFC /* ofxHierarchy.cpp */; };
		F8AE409FAF15C4964D1A0EB8 /* ModuleExporter.cpp in Sources */ = {isa = PBXBuildFile; fileRef = D8D60D2652E2D29F322390E2 /* ModuleExporter.cpp */; };
/* End PBXBuildFile section */

/* Begin PBXContainerItemProxy section */
		E4328147138ABC890047C5CB /* PBXContainerItemProxy */ = {
			isa = PBXContainerItemProxy;
			containerPortal = E4328143138ABC890047C5CB /* openFrameworksLib.xcodeproj */;
			proxyType = 2;
			remoteGlobalIDString = E4B27C1510CBEB8E00536013;
			remoteInfo = openFrameworks;
		};
		E4EEB9AB138B136A00A80321 /* PBXContainerItemProxy */ = {
			isa = PBXContainerItemProxy;
			containerPortal = E4328143138ABC890047C5CB /* openFrameworksLib.xcodeproj */;
			proxyType = 1;
			remoteGlobalIDString = E4B27C1410CBEB8E00536013;
			remoteInfo = openFrameworks;
		};
/* End PBXContainerItemProxy section */

/* Begin PBXCopyFilesBuildPhase section */
		E4C2427710CC5ABF004149E2 /* CopyFiles */ = {
			isa = PBXCopyFilesBuildPhase;
			buildActionMask = 2147483647;
			dstPath = "";
			dstSubfolderSpec = 10;
			files = (
			);
			runOnlyForDeploymentPostprocessing = 0;
		};
/* End PBXCopyFilesBuildPhase section */

/* Begin PBXFileReference section */
		04C339FF9ADCF05DF2DA62A3 /* ofxDatGuiTextInputField.h */ = {isa = PBXFileReference; explicitFileType = sourcecode.c.h; fileEncoding = 30; name = ofxDatGuiTextInputField.h; path = ../../../addons/ofxDatGui/src/components/ofxDatGuiTextInputField.h; sourceTree = SOURCE_ROOT; };
		075D39EA5F17F36A03F0B12F /* SensorModule.cpp */ = {isa = PBXFileReference; explicitFileType = sourcecode.cpp.cpp; fileEncoding = 4; name = SensorModule.cpp; path = src/lib/AeonKitMapper/src/Module/Hardware/SensorModule/SensorModule.cpp; sourceTree = SOURCE_ROOT; };
		079A7FF91BE27393A6A50EC6 /* StringConverterModule.hpp */ = {isa = PBXFileReference; explicitFileType = sourcecode.c.h; fileEncoding = 30; name = StringConverterModule.hpp; path = src/lib/AeonKitMapper/src/Module/Utility/StringConverterModule/detail/StringConverterModule.hpp; sourceTree = SOURCE_ROOT; };
		07F51780B867D37078409E89 /* ConditionModule.cpp */ = {isa = PBXFileReference; explicitFileType = sourcecode.cpp.cpp; fileEncoding = 30; name = ConditionModule.cpp; path = src/lib/AeonKitMapper/src/Module/Condition/ConditionModule.cpp; sourceTree = SOURCE_ROOT; };
		0A42C807BEF3A18E8E105A3B /* ofxDatGuiTimeGraph.h */ = {isa = PBXFileReference; explicitFileType = sourcecode.c.h; fileEncoding = 30; name = ofxDatGuiTimeGraph.h; path = ../../../addons/ofxDatGui/src/components/ofxDatGuiTimeGraph.h; sourceTree = SOURCE_ROOT; };
		125144E9EDC659B1B11F477A /* StringConverterModule.hpp */ = {isa = PBXFileReference; explicitFileType = sourcecode.c.h; fileEncoding = 30; name = StringConverterModule.hpp; path = src/lib/AeonKitMapper/src/Module/Utility/StringConverterModule/StringConverterModule.hpp; sourceTree = SOURCE_ROOT; };
		1A3E3B8F332A1A3C7EDF4998 /* ofxDatGuiComponent.cpp */ = {isa = PBXFileReference; explicitFileType = sourcecode.cpp.cpp; fileEncoding = 30; name = ofxDatGuiComponent.cpp; path = ../../../addons/ofxDatGui/src/core/ofxDatGuiComponent.cpp; sourceTree = SOURCE_ROOT; };
		1C4E0F10252716DACC38929F /* Connector.cpp */ = {isa = PBXFileReference; explicitFileType = sourcecode.cpp.cpp; fileEncoding = 30; name = Connector.cpp; path = src/lib/AeonNode/src/Connector.cpp; sourceTree = SOURCE_ROOT; };
		211CAB43D3E45EC0F935E4A5 /* StringConverterModule.cpp */ = {isa = PBXFileReference; explicitFileType = sourcecode.cpp.cpp; fileEncoding = 30; name = StringConverterModule.cpp; path = src/lib/AeonKitMapper/src/Module/Utility/StringConverterModule/StringConverterModule.cpp; sourceTree = SOURCE_ROOT; };
		212890F56D21E8CB8EF64A92 /* double-conversion.cc */ = {isa = PBXFileReference; explicitFileType = sourcecode.cpp.cpp; fileEncoding = 30; name = "double-conversion.cc"; path = "src/lib/AeonKitMapper/lib/ujson/ujson/double-conversion.cc"; sourceTree = SOURCE_ROOT; };
		21E1E3071CB7B11914428B62 /* ofxDatGuiThemes.h */ = {isa = PBXFileReference; explicitFileType = sourcecode.c.h; fileEncoding = 30; name = ofxDatGuiThemes.h; path = ../../../addons/ofxDatGui/src/themes/ofxDatGuiThemes.h; sourceTree = SOURCE_ROOT; };
		25B37904B5001247EDF633BA /* Node.cpp */ = {isa = PBXFileReference; explicitFileType = sourcecode.cpp.cpp; fileEncoding = 30; name = Node.cpp; path = src/lib/AeonNode/src/Node.cpp; sourceTree = SOURCE_ROOT; };
		26490D7CC31EF7D6ED5F925A /* ofxDatGui.cpp */ = {isa = PBXFileReference; explicitFileType = sourcecode.cpp.cpp; fileEncoding = 30; name = ofxDatGui.cpp; path = ../../../addons/ofxDatGui/src/ofxDatGui.cpp; sourceTree = SOURCE_ROOT; };
		38BF33C6C685D902486A9104 /* ujson.hpp */ = {isa = PBXFileReference; explicitFileType = sourcecode.c.h; fileEncoding = 30; name = ujson.hpp; path = src/lib/AeonKitMapper/lib/ujson/ujson/ujson.hpp; sourceTree = SOURCE_ROOT; };
		422C4E1AAC7EC4D30B17702D /* ofxDatGuiIntObject.h */ = {isa = PBXFileReference; explicitFileType = sourcecode.c.h; fileEncoding = 30; name = ofxDatGuiIntObject.h; path = ../../../addons/ofxDatGui/src/core/ofxDatGuiIntObject.h; sourceTree = SOURCE_ROOT; };
		45A4C05324ACB2AE7FE9904A /* Connector.hpp */ = {isa = PBXFileReference; explicitFileType = sourcecode.c.h; fileEncoding = 30; name = Connector.hpp; path = src/lib/AeonNode/src/Connector.hpp; sourceTree = SOURCE_ROOT; };
		49B40392829587FFC75BA016 /* ModuleExporter.hpp */ = {isa = PBXFileReference; explicitFileType = sourcecode.c.h; fileEncoding = 30; name = ModuleExporter.hpp; path = src/lib/AeonKitMapper/src/ModuleExporter/ModuleExporter.hpp; sourceTree = SOURCE_ROOT; };
		529FBC5E39B881C608B2E073 /* ConditionModule.hpp */ = {isa = PBXFileReference; explicitFileType = sourcecode.c.h; fileEncoding = 30; name = ConditionModule.hpp; path = src/lib/AeonKitMapper/src/Module/Condition/detail/ConditionModule.hpp; sourceTree = SOURCE_ROOT; };
		53E4CB1A117A5BB6452ED760 /* LogicModule.cpp */ = {isa = PBXFileReference; explicitFileType = sourcecode.cpp.cpp; fileEncoding = 30; name = LogicModule.cpp; path = src/lib/AeonKitMapper/src/Module/Logic/LogicModule.cpp; sourceTree = SOURCE_ROOT; };
		545BBA6F6669BED2DA497BC6 /* ofxDatGuiScrollView.h */ = {isa = PBXFileReference; explicitFileType = sourcecode.c.h; fileEncoding = 30; name = ofxDatGuiScrollView.h; path = ../../../addons/ofxDatGui/src/components/ofxDatGuiScrollView.h; sourceTree = SOURCE_ROOT; };
		55E1586A6DCB7E93820F0BC1 /* ConditionModule.hpp */ = {isa = PBXFileReference; explicitFileType = sourcecode.c.h; fileEncoding = 30; name = ConditionModule.hpp; path = src/lib/AeonKitMapper/src/Module/Condition/ConditionModule.hpp; sourceTree = SOURCE_ROOT; };
		64C563B8158C37E9D07AE29D /* ofxDatGuiFRM.h */ = {isa = PBXFileReference; explicitFileType = sourcecode.c.h; fileEncoding = 30; name = ofxDatGuiFRM.h; path = ../../../addons/ofxDatGui/src/components/ofxDatGuiFRM.h; sourceTree = SOURCE_ROOT; };
		66419C72C9E4F738804E17A4 /* Module.hpp */ = {isa = PBXFileReference; explicitFileType = sourcecode.c.h; fileEncoding = 30; name = Module.hpp; path = src/lib/AeonKitMapper/src/Module/Module.hpp; sourceTree = SOURCE_ROOT; };
		69E01F62249A3650A0C85734 /* DisplayModule.cpp */ = {isa = PBXFileReference; explicitFileType = sourcecode.cpp.cpp; fileEncoding = 30; name = DisplayModule.cpp; path = src/lib/AeonKitMapper/src/Module/Hardware/DisplayModule/DisplayModule.cpp; sourceTree = SOURCE_ROOT; };
		744031A3E8F8DAF9FE6F3EA8 /* ofxDatGuiGroups.h */ = {isa = PBXFileReference; explicitFileType = sourcecode.c.h; fileEncoding = 30; name = ofxDatGuiGroups.h; path = ../../../addons/ofxDatGui/src/components/ofxDatGuiGroups.h; sourceTree = SOURCE_ROOT; };
		787315438BF1DD00C81DF413 /* ofxDatGuiLabel.h */ = {isa = PBXFileReference; explicitFileType = sourcecode.c.h; fileEncoding = 30; name = ofxDatGuiLabel.h; path = ../../../addons/ofxDatGui/src/components/ofxDatGuiLabel.h; sourceTree = SOURCE_ROOT; };
		81B15ECE2AFE7709C43B78F7 /* LogicModule.hpp */ = {isa = PBXFileReference; explicitFileType = sourcecode.c.h; fileEncoding = 30; name = LogicModule.hpp; path = src/lib/AeonKitMapper/src/Module/Logic/LogicModule.hpp; sourceTree = SOURCE_ROOT; };
		8611993FBB50A307F6FCC97E /* ujson.cpp */ = {isa = PBXFileReference; explicitFileType = sourcecode.cpp.cpp; fileEncoding = 30; name = ujson.cpp; path = src/lib/AeonKitMapper/lib/ujson/ujson/ujson.cpp; sourceTree = SOURCE_ROOT; };
		896211FFD7650884437CE42C /* ofxSmartFont.h */ = {isa = PBXFileReference; explicitFileType = sourcecode.c.h; fileEncoding = 30; name = ofxSmartFont.h; path = ../../../addons/ofxDatGui/src/libs/ofxSmartFont/ofxSmartFont.h; sourceTree = SOURCE_ROOT; };
		8C7E464565E686082F260FB8 /* HardwareModule.cpp */ = {isa = PBXFileReference; explicitFileType = sourcecode.cpp.cpp; fileEncoding = 30; name = HardwareModule.cpp; path = src/lib/AeonKitMapper/src/Module/Hardware/HardwareModule.cpp; sourceTree = SOURCE_ROOT; };
		8EA7BC601AB3E11B67FC302B /* Node.hpp */ = {isa = PBXFileReference; explicitFileType = sourcecode.c.h; fileEncoding = 30; name = Node.hpp; path = src/lib/AeonNode/src/Node.hpp; sourceTree = SOURCE_ROOT; };
		902724601B82C6AD81BBCD71 /* ofxDatGui2dPad.h */ = {isa = PBXFileReference; explicitFileType = sourcecode.c.h; fileEncoding = 30; name = ofxDatGui2dPad.h; path = ../../../addons/ofxDatGui/src/components/ofxDatGui2dPad.h; sourceTree = SOURCE_ROOT; };
		912D52402F936D79D5B87129 /* ofxHierarchy.h */ = {isa = PBXFileReference; explicitFileType = sourcecode.c.h; fileEncoding = 30; name = ofxHierarchy.h; path = ../../../addons/ofxHierarchy/src/ofxHierarchy.h; sourceTree = SOURCE_ROOT; };
		9705D66270ED89ECA6E6FECE /* ofxDatGui.h */ = {isa = PBXFileReference; explicitFileType = sourcecode.c.h; fileEncoding = 30; name = ofxDatGui.h; path = ../../../addons/ofxDatGui/src/ofxDatGui.h; sourceTree = SOURCE_ROOT; };
		9B5051062C6A871714E6F5F4 /* ofxDatGuiConstants.h */ = {isa = PBXFileReference; explicitFileType = sourcecode.c.h; fileEncoding = 30; name = ofxDatGuiConstants.h; path = ../../../addons/ofxDatGui/src/core/ofxDatGuiConstants.h; sourceTree = SOURCE_ROOT; };
		9C3C1C6B6C61C7189AA1A909 /* CounterModule.hpp */ = {isa = PBXFileReference; explicitFileType = sourcecode.c.h; fileEncoding = 30; name = CounterModule.hpp; path = src/lib/AeonKitMapper/src/Module/Utility/CounterModule/CounterModule.hpp; sourceTree = SOURCE_ROOT; };
		9FE55241CD8D7CE0F5F65A0E /* double-conversion.h */ = {isa = PBXFileReference; explicitFileType = sourcecode.c.h; fileEncoding = 30; name = "double-conversion.h"; path = "src/lib/AeonKitMapper/lib/ujson/ujson/double-conversion.h"; sourceTree = SOURCE_ROOT; };
		A07AFDA743CC96DA03E26F6F /* thunderclap.cpp */ = {isa = PBXFileReference; explicitFileType = sourcecode.cpp.cpp; fileEncoding = 30; name = thunderclap.cpp; path = src/lib/AeonNode/lib/thunderclap/thunderclap.cpp; sourceTree = SOURCE_ROOT; };
		B498F0559F473CF855EF6062 /* ofxDatGuiTheme.h */ = {isa = PBXFileReference; explicitFileType = sourcecode.c.h; fileEncoding = 30; name = ofxDatGuiTheme.h; path = ../../../addons/ofxDatGui/src/themes/ofxDatGuiTheme.h; sourceTree = SOURCE_ROOT; };
		B7D8BEAA531A329847B85672 /* Module.cpp */ = {isa = PBXFileReference; explicitFileType = sourcecode.cpp.cpp; fileEncoding = 30; name = Module.cpp; path = src/lib/AeonKitMapper/src/Module/Module.cpp; sourceTree = SOURCE_ROOT; };
		BB5CF7DF2141B800CEB39B03 /* thunderclap.h */ = {isa = PBXFileReference; explicitFileType = sourcecode.c.h; fileEncoding = 30; name = thunderclap.h; path = src/lib/AeonNode/lib/thunderclap/thunderclap.h; sourceTree = SOURCE_ROOT; };
		BCC84C6EB3417706F4F762F0 /* ofxDatGuiComponent.h */ = {isa = PBXFileReference; explicitFileType = sourcecode.c.h; fileEncoding = 30; name = ofxDatGuiComponent.h; path = ../../../addons/ofxDatGui/src/core/ofxDatGuiComponent.h; sourceTree = SOURCE_ROOT; };
		C085A33340AB0C1DB647AC2F /* ofxDatGuiTextInput.h */ = {isa = PBXFileReference; explicitFileType = sourcecode.c.h; fileEncoding = 30; name = ofxDatGuiTextInput.h; path = ../../../addons/ofxDatGui/src/components/ofxDatGuiTextInput.h; sourceTree = SOURCE_ROOT; };
		C70165DF7E17144C0D1443F6 /* Module.hpp */ = {isa = PBXFileReference; explicitFileType = sourcecode.c.h; fileEncoding = 30; name = Module.hpp; path = src/lib/AeonKitMapper/src/Module/detail/Module.hpp; sourceTree = SOURCE_ROOT; };
		C84ED7FCC017328C6F58283D /* ofxDatGuiColorPicker.h */ = {isa = PBXFileReference; explicitFileType = sourcecode.c.h; fileEncoding = 30; name = ofxDatGuiColorPicker.h; path = ../../../addons/ofxDatGui/src/components/ofxDatGuiColorPicker.h; sourceTree = SOURCE_ROOT; };
		C91373327B250A6246394AF4 /* thunderclap.h */ = {isa = PBXFileReference; explicitFileType = sourcecode.c.h; fileEncoding = 30; name = thunderclap.h; path = src/lib/AeonNode/lib/thunderclap/detail/thunderclap.h; sourceTree = SOURCE_ROOT; };
		C954E0E8B7DB9D6983309883 /* ofxSmartFont.cpp */ = {isa = PBXFileReference; explicitFileType = sourcecode.cpp.cpp; fileEncoding = 30; name = ofxSmartFont.cpp; path = ../../../addons/ofxDatGui/src/libs/ofxSmartFont/ofxSmartFont.cpp; sourceTree = SOURCE_ROOT; };
		CCD1F9A2C7C12136C23E21C1 /* CounterModule.cpp */ = {isa = PBXFileReference; explicitFileType = sourcecode.cpp.cpp; fileEncoding = 30; name = CounterModule.cpp; path = src/lib/AeonKitMapper/src/Module/Utility/CounterModule/CounterModule.cpp; sourceTree = SOURCE_ROOT; };
		CDF7278CB636137FE7BF91A5 /* ofxDatGuiMatrix.h */ = {isa = PBXFileReference; explicitFileType = sourcecode.c.h; fileEncoding = 30; name = ofxDatGuiMatrix.h; path = ../../../addons/ofxDatGui/src/components/ofxDatGuiMatrix.h; sourceTree = SOURCE_ROOT; };
		D0D6A66BEBA820EA1D396889 /* ofxDatGuiSlider.h */ = {isa = PBXFileReference; explicitFileType = sourcecode.c.h; fileEncoding = 30; name = ofxDatGuiSlider.h; path = ../../../addons/ofxDatGui/src/components/ofxDatGuiSlider.h; sourceTree = SOURCE_ROOT; };
		D4621EA7B4F163D9E7F4033A /* HardwareModule.hpp */ = {isa = PBXFileReference; explicitFileType = sourcecode.c.h; fileEncoding = 30; name = HardwareModule.hpp; path = src/lib/AeonKitMapper/src/Module/Hardware/HardwareModule.hpp; sourceTree = SOURCE_ROOT; };
		D8D60D2652E2D29F322390E2 /* ModuleExporter.cpp */ = {isa = PBXFileReference; explicitFileType = sourcecode.cpp.cpp; fileEncoding = 30; name = ModuleExporter.cpp; path = src/lib/AeonKitMapper/src/ModuleExporter/ModuleExporter.cpp; sourceTree = SOURCE_ROOT; };
		DF027D62430F87942CC96DFC /* ofxHierarchy.cpp */ = {isa = PBXFileReference; explicitFileType = sourcecode.cpp.cpp; fileEncoding = 30; name = ofxHierarchy.cpp; path = ../../../addons/ofxHierarchy/src/ofxHierarchy.cpp; sourceTree = SOURCE_ROOT; };
		E100ED9DCB412957A879CD5A /* ofxDatGuiControls.h */ = {isa = PBXFileReference; explicitFileType = sourcecode.c.h; fileEncoding = 30; name = ofxDatGuiControls.h; path = ../../../addons/ofxDatGui/src/components/ofxDatGuiControls.h; sourceTree = SOURCE_ROOT; };
		E4328143138ABC890047C5CB /* openFrameworksLib.xcodeproj */ = {isa = PBXFileReference; lastKnownFileType = "wrapper.pb-project"; name = openFrameworksLib.xcodeproj; path = ../../../libs/openFrameworksCompiled/project/osx/openFrameworksLib.xcodeproj; sourceTree = SOURCE_ROOT; };
		E4B69B5B0A3A1756003C02F2 /* AeonNodeEditorDebug.app */ = {isa = PBXFileReference; explicitFileType = wrapper.application; includeInIndex = 0; path = AeonNodeEditorDebug.app; sourceTree = BUILT_PRODUCTS_DIR; };
		E4B69E1D0A3A1BDC003C02F2 /* main.cpp */ = {isa = PBXFileReference; fileEncoding = 30; lastKnownFileType = sourcecode.cpp.cpp; name = main.cpp; path = src/main.cpp; sourceTree = SOURCE_ROOT; };
		E4B69E1E0A3A1BDC003C02F2 /* ofApp.cpp */ = {isa = PBXFileReference; explicitFileType = sourcecode.cpp.cpp; fileEncoding = 30; name = ofApp.cpp; path = src/ofApp.cpp; sourceTree = SOURCE_ROOT; };
		E4B69E1F0A3A1BDC003C02F2 /* ofApp.h */ = {isa = PBXFileReference; fileEncoding = 30; lastKnownFileType = sourcecode.c.h; name = ofApp.h; path = src/ofApp.h; sourceTree = SOURCE_ROOT; };
		E4B6FCAD0C3E899E008CF71C /* openFrameworks-Info.plist */ = {isa = PBXFileReference; fileEncoding = 30; lastKnownFileType = text.plist.xml; path = "openFrameworks-Info.plist"; sourceTree = "<group>"; };
		E4EB691F138AFCF100A09F29 /* CoreOF.xcconfig */ = {isa = PBXFileReference; fileEncoding = 4; lastKnownFileType = text.xcconfig; name = CoreOF.xcconfig; path = ../../../libs/openFrameworksCompiled/project/osx/CoreOF.xcconfig; sourceTree = SOURCE_ROOT; };
		E4EB6923138AFD0F00A09F29 /* Project.xcconfig */ = {isa = PBXFileReference; fileEncoding = 4; lastKnownFileType = text.xcconfig; path = Project.xcconfig; sourceTree = "<group>"; };
		E9AB5A3E1C948D1100B4B8EA /* ujson.re2c */ = {isa = PBXFileReference; lastKnownFileType = text; name = ujson.re2c; path = lib/AeonKitMapper/lib/ujson/ujson/ujson.re2c; sourceTree = "<group>"; };
		ED6DC4D524FBCD5B356FD28E /* SensorModule.hpp */ = {isa = PBXFileReference; explicitFileType = sourcecode.c.h; fileEncoding = 30; name = SensorModule.hpp; path = src/lib/AeonKitMapper/src/Module/Hardware/SensorModule/SensorModule.hpp; sourceTree = SOURCE_ROOT; };
		F2FC15FF181F45C1E43F3100 /* DisplayModule.hpp */ = {isa = PBXFileReference; explicitFileType = sourcecode.c.h; fileEncoding = 30; name = DisplayModule.hpp; path = src/lib/AeonKitMapper/src/Module/Hardware/DisplayModule/DisplayModule.hpp; sourceTree = SOURCE_ROOT; };
		F59384ED57A7C6A7A8B0351D /* ofxDatGuiEvents.h */ = {isa = PBXFileReference; explicitFileType = sourcecode.c.h; fileEncoding = 30; name = ofxDatGuiEvents.h; path = ../../../addons/ofxDatGui/src/core/ofxDatGuiEvents.h; sourceTree = SOURCE_ROOT; };
		F67065828C04E93F7E52FBE3 /* AeonKitMapper.hpp */ = {isa = PBXFileReference; explicitFileType = sourcecode.c.h; fileEncoding = 30; name = AeonKitMapper.hpp; path = src/lib/AeonKitMapper/src/AeonKitMapper.hpp; sourceTree = SOURCE_ROOT; };
		FDA86F4C2F1F1964D35391C6 /* ofxDatGuiButton.h */ = {isa = PBXFileReference; explicitFileType = sourcecode.c.h; fileEncoding = 30; name = ofxDatGuiButton.h; path = ../../../addons/ofxDatGui/src/components/ofxDatGuiButton.h; sourceTree = SOURCE_ROOT; };
/* End PBXFileReference section */

/* Begin PBXFrameworksBuildPhase section */
		E4B69B590A3A1756003C02F2 /* Frameworks */ = {
			isa = PBXFrameworksBuildPhase;
			buildActionMask = 2147483647;
			files = (
				E4328149138ABC9F0047C5CB /* openFrameworksDebug.a in Frameworks */,
			);
			runOnlyForDeploymentPostprocessing = 0;
		};
/* End PBXFrameworksBuildPhase section */

/* Begin PBXGroup section */
		086AEC516EA9E79A639D71E6 /* lib */ = {
			isa = PBXGroup;
			children = (
				8C98F38ED1714F86E844F6C7 /* ujson */,
			);
			name = lib;
			sourceTree = "<group>";
		};
		0C0D632E522C1189318A972A /* Hardware */ = {
			isa = PBXGroup;
			children = (
				68B46786950008BC11C358D6 /* DisplayModule */,
				8C7E464565E686082F260FB8 /* HardwareModule.cpp */,
				D4621EA7B4F163D9E7F4033A /* HardwareModule.hpp */,
				BEEAAB4048F60DE071D6E1C1 /* SensorModule */,
			);
			name = Hardware;
			sourceTree = "<group>";
		};
		0EF29D3ABD6E4147AE024D7A /* ofxSmartFont */ = {
			isa = PBXGroup;
			children = (
				C954E0E8B7DB9D6983309883 /* ofxSmartFont.cpp */,
				896211FFD7650884437CE42C /* ofxSmartFont.h */,
			);
			name = ofxSmartFont;
			sourceTree = "<group>";
		};
		18A1010FB16C856654DA54B7 /* thunderclap */ = {
			isa = PBXGroup;
			children = (
				477F537A100F08C387F21F2E /* detail */,
				A07AFDA743CC96DA03E26F6F /* thunderclap.cpp */,
				BB5CF7DF2141B800CEB39B03 /* thunderclap.h */,
			);
			name = thunderclap;
			sourceTree = "<group>";
		};
		26863FA70EB657088B7EEFBD /* StringConverterModule */ = {
			isa = PBXGroup;
			children = (
				E1A4F9B867CE8DF669D23EF1 /* detail */,
				211CAB43D3E45EC0F935E4A5 /* StringConverterModule.cpp */,
				125144E9EDC659B1B11F477A /* StringConverterModule.hpp */,
			);
			name = StringConverterModule;
			sourceTree = "<group>";
		};
		29D38AEBCD5EB6CB70952E0E /* Module */ = {
			isa = PBXGroup;
			children = (
				FDD498D9276DFBE3DB7C6E37 /* Condition */,
				7C6F90530F65324BDE40FE0D /* detail */,
				0C0D632E522C1189318A972A /* Hardware */,
				420CF6183EDE5F3631887241 /* Logic */,
				B7D8BEAA531A329847B85672 /* Module.cpp */,
				66419C72C9E4F738804E17A4 /* Module.hpp */,
				B3B75549B5E0901365B9F278 /* Utility */,
			);
			name = Module;
			sourceTree = "<group>";
		};
		34D34744CA985C09666740A6 /* src */ = {
			isa = PBXGroup;
			children = (
				1C4E0F10252716DACC38929F /* Connector.cpp */,
				45A4C05324ACB2AE7FE9904A /* Connector.hpp */,
				25B37904B5001247EDF633BA /* Node.cpp */,
				8EA7BC601AB3E11B67FC302B /* Node.hpp */,
			);
			name = src;
			sourceTree = "<group>";
		};
		420CF6183EDE5F3631887241 /* Logic */ = {
			isa = PBXGroup;
			children = (
				53E4CB1A117A5BB6452ED760 /* LogicModule.cpp */,
				81B15ECE2AFE7709C43B78F7 /* LogicModule.hpp */,
			);
			name = Logic;
			sourceTree = "<group>";
		};
		477F537A100F08C387F21F2E /* detail */ = {
			isa = PBXGroup;
			children = (
				C91373327B250A6246394AF4 /* thunderclap.h */,
			);
			name = detail;
			sourceTree = "<group>";
		};
		5C19F65F15FF688E86155961 /* AeonNode */ = {
			isa = PBXGroup;
			children = (
				A4E153870C94A4D90E4F399F /* lib */,
				34D34744CA985C09666740A6 /* src */,
			);
			name = AeonNode;
			sourceTree = "<group>";
		};
		68B46786950008BC11C358D6 /* DisplayModule */ = {
			isa = PBXGroup;
			children = (
				69E01F62249A3650A0C85734 /* DisplayModule.cpp */,
				F2FC15FF181F45C1E43F3100 /* DisplayModule.hpp */,
			);
			name = DisplayModule;
			sourceTree = "<group>";
		};
		69146F0BA46E48E576618E5E /* libs */ = {
			isa = PBXGroup;
			children = (
				0EF29D3ABD6E4147AE024D7A /* ofxSmartFont */,
			);
			name = libs;
			sourceTree = "<group>";
		};
		6948EE371B920CB800B5AC1A /* local_addons */ = {
			isa = PBXGroup;
			children = (
			);
			name = local_addons;
			sourceTree = "<group>";
		};
		77AD907E5E5FA2D7DB1E611F /* ofxHierarchy */ = {
			isa = PBXGroup;
			children = (
				FFF3D8DD1B67C349C3AE85E5 /* src */,
			);
			name = ofxHierarchy;
			sourceTree = "<group>";
		};
		7C6F90530F65324BDE40FE0D /* detail */ = {
			isa = PBXGroup;
			children = (
				C70165DF7E17144C0D1443F6 /* Module.hpp */,
			);
			name = detail;
			sourceTree = "<group>";
		};
		8393D57D0DC6B215DF168629 /* ModuleExporter */ = {
			isa = PBXGroup;
			children = (
				D8D60D2652E2D29F322390E2 /* ModuleExporter.cpp */,
				49B40392829587FFC75BA016 /* ModuleExporter.hpp */,
			);
			name = ModuleExporter;
			sourceTree = "<group>";
		};
		8870759BC9CAEA1E4E9EA3A8 /* core */ = {
			isa = PBXGroup;
			children = (
				1A3E3B8F332A1A3C7EDF4998 /* ofxDatGuiComponent.cpp */,
				BCC84C6EB3417706F4F762F0 /* ofxDatGuiComponent.h */,
				9B5051062C6A871714E6F5F4 /* ofxDatGuiConstants.h */,
				F59384ED57A7C6A7A8B0351D /* ofxDatGuiEvents.h */,
				422C4E1AAC7EC4D30B17702D /* ofxDatGuiIntObject.h */,
			);
			name = core;
			sourceTree = "<group>";
		};
		8975E2D222EF564B42E5C807 /* AeonKitMapper */ = {
			isa = PBXGroup;
			children = (
				086AEC516EA9E79A639D71E6 /* lib */,
				92479A0B7EEAA3083F2BA6B4 /* src */,
			);
			name = AeonKitMapper;
			sourceTree = "<group>";
		};
		8C98F38ED1714F86E844F6C7 /* ujson */ = {
			isa = PBXGroup;
			children = (
				212890F56D21E8CB8EF64A92 /* double-conversion.cc */,
				9FE55241CD8D7CE0F5F65A0E /* double-conversion.h */,
				8611993FBB50A307F6FCC97E /* ujson.cpp */,
				38BF33C6C685D902486A9104 /* ujson.hpp */,
				E9AB5A3E1C948D1100B4B8EA /* ujson.re2c */,
			);
			name = ujson;
			sourceTree = "<group>";
		};
		911FE1C75E520EE70A7B4830 /* themes */ = {
			isa = PBXGroup;
			children = (
				B498F0559F473CF855EF6062 /* ofxDatGuiTheme.h */,
				21E1E3071CB7B11914428B62 /* ofxDatGuiThemes.h */,
			);
			name = themes;
			sourceTree = "<group>";
		};
		92479A0B7EEAA3083F2BA6B4 /* src */ = {
			isa = PBXGroup;
			children = (
				F67065828C04E93F7E52FBE3 /* AeonKitMapper.hpp */,
				29D38AEBCD5EB6CB70952E0E /* Module */,
				8393D57D0DC6B215DF168629 /* ModuleExporter */,
			);
			name = src;
			sourceTree = "<group>";
		};
		947FCD1248D8B0A16B53C1AA /* components */ = {
			isa = PBXGroup;
			children = (
				902724601B82C6AD81BBCD71 /* ofxDatGui2dPad.h */,
				FDA86F4C2F1F1964D35391C6 /* ofxDatGuiButton.h */,
				C84ED7FCC017328C6F58283D /* ofxDatGuiColorPicker.h */,
				E100ED9DCB412957A879CD5A /* ofxDatGuiControls.h */,
				64C563B8158C37E9D07AE29D /* ofxDatGuiFRM.h */,
				744031A3E8F8DAF9FE6F3EA8 /* ofxDatGuiGroups.h */,
				787315438BF1DD00C81DF413 /* ofxDatGuiLabel.h */,
				CDF7278CB636137FE7BF91A5 /* ofxDatGuiMatrix.h */,
				545BBA6F6669BED2DA497BC6 /* ofxDatGuiScrollView.h */,
				D0D6A66BEBA820EA1D396889 /* ofxDatGuiSlider.h */,
				C085A33340AB0C1DB647AC2F /* ofxDatGuiTextInput.h */,
				04C339FF9ADCF05DF2DA62A3 /* ofxDatGuiTextInputField.h */,
				0A42C807BEF3A18E8E105A3B /* ofxDatGuiTimeGraph.h */,
			);
			name = components;
			sourceTree = "<group>";
		};
		948442A4E189C9D81D26B6A8 /* CounterModule */ = {
			isa = PBXGroup;
			children = (
				CCD1F9A2C7C12136C23E21C1 /* CounterModule.cpp */,
				9C3C1C6B6C61C7189AA1A909 /* CounterModule.hpp */,
			);
			name = CounterModule;
			sourceTree = "<group>";
		};
		965168FECD51AAD1D9169011 /* lib */ = {
			isa = PBXGroup;
			children = (
				8975E2D222EF564B42E5C807 /* AeonKitMapper */,
				5C19F65F15FF688E86155961 /* AeonNode */,
			);
			name = lib;
			sourceTree = "<group>";
		};
		A4E153870C94A4D90E4F399F /* lib */ = {
			isa = PBXGroup;
			children = (
				18A1010FB16C856654DA54B7 /* thunderclap */,
			);
			name = lib;
			sourceTree = "<group>";
		};
		B3B75549B5E0901365B9F278 /* Utility */ = {
			isa = PBXGroup;
			children = (
				948442A4E189C9D81D26B6A8 /* CounterModule */,
				26863FA70EB657088B7EEFBD /* StringConverterModule */,
			);
			name = Utility;
			sourceTree = "<group>";
		};
		BB4B014C10F69532006C3DED /* addons */ = {
			isa = PBXGroup;
			children = (
				D8DD1043C333F6F63C8685E6 /* ofxDatGui */,
				77AD907E5E5FA2D7DB1E611F /* ofxHierarchy */,
			);
			name = addons;
			sourceTree = "<group>";
		};
		BEEAAB4048F60DE071D6E1C1 /* SensorModule */ = {
			isa = PBXGroup;
			children = (
				075D39EA5F17F36A03F0B12F /* SensorModule.cpp */,
				ED6DC4D524FBCD5B356FD28E /* SensorModule.hpp */,
			);
			name = SensorModule;
			sourceTree = "<group>";
		};
		C5CEE39D771EEB0130925C2D /* detail */ = {
			isa = PBXGroup;
			children = (
				529FBC5E39B881C608B2E073 /* ConditionModule.hpp */,
			);
			name = detail;
			sourceTree = "<group>";
		};
		D8DD1043C333F6F63C8685E6 /* ofxDatGui */ = {
			isa = PBXGroup;
			children = (
				E9B32C117486580389FAFF01 /* src */,
			);
			name = ofxDatGui;
			sourceTree = "<group>";
		};
		E1A4F9B867CE8DF669D23EF1 /* detail */ = {
			isa = PBXGroup;
			children = (
				079A7FF91BE27393A6A50EC6 /* StringConverterModule.hpp */,
			);
			name = detail;
			sourceTree = "<group>";
		};
		E4328144138ABC890047C5CB /* Products */ = {
			isa = PBXGroup;
			children = (
				E4328148138ABC890047C5CB /* openFrameworksDebug.a */,
			);
			name = Products;
			sourceTree = "<group>";
		};
		E4B69B4A0A3A1720003C02F2 = {
			isa = PBXGroup;
			children = (
				E4B6FCAD0C3E899E008CF71C /* openFrameworks-Info.plist */,
				E4EB6923138AFD0F00A09F29 /* Project.xcconfig */,
				E4B69E1C0A3A1BDC003C02F2 /* src */,
				E4EEC9E9138DF44700A80321 /* openFrameworks */,
				BB4B014C10F69532006C3DED /* addons */,
				6948EE371B920CB800B5AC1A /* local_addons */,
				E4B69B5B0A3A1756003C02F2 /* AeonNodeEditorDebug.app */,
			);
			sourceTree = "<group>";
		};
		E4B69E1C0A3A1BDC003C02F2 /* src */ = {
			isa = PBXGroup;
			children = (
				E4B69E1D0A3A1BDC003C02F2 /* main.cpp */,
				E4B69E1E0A3A1BDC003C02F2 /* ofApp.cpp */,
				E4B69E1F0A3A1BDC003C02F2 /* ofApp.h */,
				965168FECD51AAD1D9169011 /* lib */,
			);
			path = src;
			sourceTree = SOURCE_ROOT;
		};
		E4EEC9E9138DF44700A80321 /* openFrameworks */ = {
			isa = PBXGroup;
			children = (
				E4EB691F138AFCF100A09F29 /* CoreOF.xcconfig */,
				E4328143138ABC890047C5CB /* openFrameworksLib.xcodeproj */,
			);
			name = openFrameworks;
			sourceTree = "<group>";
		};
		E9B32C117486580389FAFF01 /* src */ = {
			isa = PBXGroup;
			children = (
				947FCD1248D8B0A16B53C1AA /* components */,
				8870759BC9CAEA1E4E9EA3A8 /* core */,
				69146F0BA46E48E576618E5E /* libs */,
				26490D7CC31EF7D6ED5F925A /* ofxDatGui.cpp */,
				9705D66270ED89ECA6E6FECE /* ofxDatGui.h */,
				911FE1C75E520EE70A7B4830 /* themes */,
			);
			name = src;
			sourceTree = "<group>";
		};
		FDD498D9276DFBE3DB7C6E37 /* Condition */ = {
			isa = PBXGroup;
			children = (
				07F51780B867D37078409E89 /* ConditionModule.cpp */,
				55E1586A6DCB7E93820F0BC1 /* ConditionModule.hpp */,
				C5CEE39D771EEB0130925C2D /* detail */,
			);
			name = Condition;
			sourceTree = "<group>";
		};
		FFF3D8DD1B67C349C3AE85E5 /* src */ = {
			isa = PBXGroup;
			children = (
				DF027D62430F87942CC96DFC /* ofxHierarchy.cpp */,
				912D52402F936D79D5B87129 /* ofxHierarchy.h */,
			);
			name = src;
			sourceTree = "<group>";
		};
/* End PBXGroup section */

/* Begin PBXNativeTarget section */
		E4B69B5A0A3A1756003C02F2 /* AeonNodeEditor */ = {
			isa = PBXNativeTarget;
			buildConfigurationList = E4B69B5F0A3A1757003C02F2 /* Build configuration list for PBXNativeTarget "AeonNodeEditor" */;
			buildPhases = (
				E4B69B580A3A1756003C02F2 /* Sources */,
				E4B69B590A3A1756003C02F2 /* Frameworks */,
				E4B6FFFD0C3F9AB9008CF71C /* ShellScript */,
				E4C2427710CC5ABF004149E2 /* CopyFiles */,
			);
			buildRules = (
			);
			dependencies = (
				E4EEB9AC138B136A00A80321 /* PBXTargetDependency */,
			);
			name = AeonNodeEditor;
			productName = myOFApp;
			productReference = E4B69B5B0A3A1756003C02F2 /* AeonNodeEditorDebug.app */;
			productType = "com.apple.product-type.application";
		};
/* End PBXNativeTarget section */

/* Begin PBXProject section */
		E4B69B4C0A3A1720003C02F2 /* Project object */ = {
			isa = PBXProject;
			attributes = {
				LastUpgradeCheck = 0600;
			};
			buildConfigurationList = E4B69B4D0A3A1720003C02F2 /* Build configuration list for PBXProject "AeonNodeEditor" */;
			compatibilityVersion = "Xcode 3.2";
			developmentRegion = English;
			hasScannedForEncodings = 0;
			knownRegions = (
				English,
				Japanese,
				French,
				German,
			);
			mainGroup = E4B69B4A0A3A1720003C02F2;
			productRefGroup = E4B69B4A0A3A1720003C02F2;
			projectDirPath = "";
			projectReferences = (
				{
					ProductGroup = E4328144138ABC890047C5CB /* Products */;
					ProjectRef = E4328143138ABC890047C5CB /* openFrameworksLib.xcodeproj */;
				},
			);
			projectRoot = "";
			targets = (
				E4B69B5A0A3A1756003C02F2 /* AeonNodeEditor */,
			);
		};
/* End PBXProject section */

/* Begin PBXReferenceProxy section */
		E4328148138ABC890047C5CB /* openFrameworksDebug.a */ = {
			isa = PBXReferenceProxy;
			fileType = archive.ar;
			path = openFrameworksDebug.a;
			remoteRef = E4328147138ABC890047C5CB /* PBXContainerItemProxy */;
			sourceTree = BUILT_PRODUCTS_DIR;
		};
/* End PBXReferenceProxy section */

/* Begin PBXShellScriptBuildPhase section */
		E4B6FFFD0C3F9AB9008CF71C /* ShellScript */ = {
			isa = PBXShellScriptBuildPhase;
			buildActionMask = 2147483647;
			files = (
			);
			inputPaths = (
			);
			outputPaths = (
			);
			runOnlyForDeploymentPostprocessing = 0;
			shellPath = /bin/sh;
			shellScript = "rsync -aved ../../../libs/fmodex/lib/osx/libfmodex.dylib \"$TARGET_BUILD_DIR/$PRODUCT_NAME.app/Contents/MacOS/\"; install_name_tool -change ./libfmodex.dylib @executable_path/libfmodex.dylib \"$TARGET_BUILD_DIR/$PRODUCT_NAME.app/Contents/MacOS/$PRODUCT_NAME\";\nmkdir -p \"$TARGET_BUILD_DIR/$PRODUCT_NAME.app/Contents/Resources/\"\nrsync -aved \"$ICON_FILE\" \"$TARGET_BUILD_DIR/$PRODUCT_NAME.app/Contents/Resources/\"\nrsync -aved ../../../libs/glut/lib/osx/GLUT.framework \"$TARGET_BUILD_DIR/$PRODUCT_NAME.app/Contents/Frameworks/\"\n";
		};
/* End PBXShellScriptBuildPhase section */

/* Begin PBXSourcesBuildPhase section */
		E4B69B580A3A1756003C02F2 /* Sources */ = {
			isa = PBXSourcesBuildPhase;
			buildActionMask = 2147483647;
			files = (
				E4B69E200A3A1BDC003C02F2 /* main.cpp in Sources */,
				E4B69E210A3A1BDC003C02F2 /* ofApp.cpp in Sources */,
				885FC592853A7A6D0A53BD79 /* double-conversion.cc in Sources */,
				6FAA22B805199FFFF5D08056 /* ujson.cpp in Sources */,
				AD2BFDFC32FD89FBD4EC657A /* ConditionModule.cpp in Sources */,
				40575BC42E6DB2A73DBCBD94 /* DisplayModule.cpp in Sources */,
				95A8A4726D64C739094E0FCB /* HardwareModule.cpp in Sources */,
				214222E9104F4F8834D94CB8 /* SensorModule.cpp in Sources */,
				6DC9090E7B430623979A96F3 /* LogicModule.cpp in Sources */,
				DDAB943DCC3E9E9B009B4A13 /* Module.cpp in Sources */,
				80E510683E0CA819D6601B12 /* CounterModule.cpp in Sources */,
				512CABC2429BAEAA018305C3 /* StringConverterModule.cpp in Sources */,
				F8AE409FAF15C4964D1A0EB8 /* ModuleExporter.cpp in Sources */,
				DB7374183D60F14B5BEDC2C4 /* thunderclap.cpp in Sources */,
				855E56368094E59DF71D4471 /* Connector.cpp in Sources */,
				08DB6C53A3565A6DEB025E65 /* Node.cpp in Sources */,
				D3C1C48E59CAA2D68C0DD477 /* ofxDatGuiComponent.cpp in Sources */,
				9CF4130A7E6DA19A3DC42B9A /* ofxSmartFont.cpp in Sources */,
				C9466C434D1CF8AB968D298D /* ofxDatGui.cpp in Sources */,
				F22AEE6ED97C684907181FE9 /* ofxHierarchy.cpp in Sources */,
			);
			runOnlyForDeploymentPostprocessing = 0;
		};
/* End PBXSourcesBuildPhase section */

/* Begin PBXTargetDependency section */
		E4EEB9AC138B136A00A80321 /* PBXTargetDependency */ = {
			isa = PBXTargetDependency;
			name = openFrameworks;
			targetProxy = E4EEB9AB138B136A00A80321 /* PBXContainerItemProxy */;
		};
/* End PBXTargetDependency section */

/* Begin XCBuildConfiguration section */
		E4B69B4E0A3A1720003C02F2 /* Debug */ = {
			isa = XCBuildConfiguration;
			baseConfigurationReference = E4EB6923138AFD0F00A09F29 /* Project.xcconfig */;
			buildSettings = {
				CONFIGURATION_BUILD_DIR = "$(SRCROOT)/bin/";
				COPY_PHASE_STRIP = NO;
				DEAD_CODE_STRIPPING = YES;
				GCC_AUTO_VECTORIZATION = YES;
				GCC_ENABLE_SSE3_EXTENSIONS = YES;
				GCC_ENABLE_SUPPLEMENTAL_SSE3_INSTRUCTIONS = YES;
				GCC_INLINES_ARE_PRIVATE_EXTERN = NO;
				GCC_OPTIMIZATION_LEVEL = 0;
				GCC_SYMBOLS_PRIVATE_EXTERN = NO;
				GCC_WARN_ABOUT_DEPRECATED_FUNCTIONS = YES;
				GCC_WARN_ABOUT_INVALID_OFFSETOF_MACRO = NO;
				GCC_WARN_ALLOW_INCOMPLETE_PROTOCOL = NO;
				GCC_WARN_UNINITIALIZED_AUTOS = NO;
				GCC_WARN_UNUSED_VALUE = NO;
				GCC_WARN_UNUSED_VARIABLE = NO;
				HEADER_SEARCH_PATHS = (
					"$(OF_CORE_HEADERS)",
					src,
					src/lib/AeonKitMapper/lib/ujson,
					src/lib/AeonKitMapper/lib/ujson/examples,
					src/lib/AeonKitMapper/lib/ujson/test,
					src/lib/AeonKitMapper/lib/ujson/test/testcases,
					src/lib/AeonKitMapper/lib/ujson/ujson,
					"src/lib/AeonKitMapper/lib/ujson/ujson/double-conversion",
					src/lib/AeonKitMapper/src,
					src/lib/AeonKitMapper/src/Module,
					src/lib/AeonKitMapper/src/Module/Condition,
					src/lib/AeonKitMapper/src/Module/Condition/detail,
					src/lib/AeonKitMapper/src/Module/Hardware,
					src/lib/AeonKitMapper/src/Module/Hardware/DisplayModule,
					src/lib/AeonKitMapper/src/Module/Hardware/SensorModule,
					src/lib/AeonKitMapper/src/Module/Logic,
					src/lib/AeonKitMapper/src/Module/Utility/CounterModule,
					src/lib/AeonKitMapper/src/Module/Utility/StringConverterModule,
					src/lib/AeonKitMapper/src/Module/Utility/StringConverterModule/detail,
					src/lib/AeonKitMapper/src/Module/detail,
					src/lib/AeonKitMapper/src/ModuleExporter,
					src/lib/AeonNode/lib/thunderclap,
					src/lib/AeonNode/lib/thunderclap/detail,
					src/lib/AeonNode/lib/thunderclap/thunderclap.xcodeproj,
					src/lib/AeonNode/lib/thunderclap/thunderclap.xcodeproj/project.xcworkspace,
					src/lib/AeonNode/lib/thunderclap/thunderclap.xcodeproj/project.xcworkspace/xcshareddata,
					src/lib/AeonNode/lib/thunderclap/thunderclap.xcodeproj/project.xcworkspace/xcuserdata/Akira.xcuserdatad,
					src/lib/AeonNode/lib/thunderclap/thunderclap.xcodeproj/xcuserdata/Akira.xcuserdatad/xcschemes,
					src/lib/AeonNode/src,
					../../../addons/ofxDatGui/src,
					../../../addons/ofxDatGui/src/components,
					../../../addons/ofxDatGui/src/core,
					../../../addons/ofxDatGui/src/libs,
					../../../addons/ofxDatGui/src/libs/ofxSmartFont,
					../../../addons/ofxDatGui/src/themes,
					../../../addons/ofxHierarchy/src,
					../../../addons/ofxSmartFont/src,
				);
				MACOSX_DEPLOYMENT_TARGET = 10.8;
				ONLY_ACTIVE_ARCH = YES;
				OTHER_CPLUSPLUSFLAGS = (
					"-D__MACOSX_CORE__",
					"-mtune=native",
				);
				SDKROOT = macosx;
			};
			name = Debug;
		};
		E4B69B4F0A3A1720003C02F2 /* Release */ = {
			isa = XCBuildConfiguration;
			baseConfigurationReference = E4EB6923138AFD0F00A09F29 /* Project.xcconfig */;
			buildSettings = {
				CONFIGURATION_BUILD_DIR = "$(SRCROOT)/bin/";
				COPY_PHASE_STRIP = YES;
				DEAD_CODE_STRIPPING = YES;
				GCC_AUTO_VECTORIZATION = YES;
				GCC_ENABLE_SSE3_EXTENSIONS = YES;
				GCC_ENABLE_SUPPLEMENTAL_SSE3_INSTRUCTIONS = YES;
				GCC_INLINES_ARE_PRIVATE_EXTERN = NO;
				GCC_OPTIMIZATION_LEVEL = 3;
				GCC_SYMBOLS_PRIVATE_EXTERN = NO;
				GCC_UNROLL_LOOPS = YES;
				GCC_WARN_ABOUT_DEPRECATED_FUNCTIONS = YES;
				GCC_WARN_ABOUT_INVALID_OFFSETOF_MACRO = NO;
				GCC_WARN_ALLOW_INCOMPLETE_PROTOCOL = NO;
				GCC_WARN_UNINITIALIZED_AUTOS = NO;
				GCC_WARN_UNUSED_VALUE = NO;
				GCC_WARN_UNUSED_VARIABLE = NO;
				HEADER_SEARCH_PATHS = (
					"$(OF_CORE_HEADERS)",
					src,
					src/lib/AeonKitMapper/lib/ujson,
					src/lib/AeonKitMapper/lib/ujson/examples,
					src/lib/AeonKitMapper/lib/ujson/test,
					src/lib/AeonKitMapper/lib/ujson/test/testcases,
					src/lib/AeonKitMapper/lib/ujson/ujson,
					"src/lib/AeonKitMapper/lib/ujson/ujson/double-conversion",
					src/lib/AeonKitMapper/src,
					src/lib/AeonKitMapper/src/Module,
					src/lib/AeonKitMapper/src/Module/Condition,
					src/lib/AeonKitMapper/src/Module/Condition/detail,
					src/lib/AeonKitMapper/src/Module/Hardware,
					src/lib/AeonKitMapper/src/Module/Hardware/DisplayModule,
					src/lib/AeonKitMapper/src/Module/Hardware/SensorModule,
					src/lib/AeonKitMapper/src/Module/Logic,
					src/lib/AeonKitMapper/src/Module/Utility/CounterModule,
					src/lib/AeonKitMapper/src/Module/Utility/StringConverterModule,
					src/lib/AeonKitMapper/src/Module/Utility/StringConverterModule/detail,
					src/lib/AeonKitMapper/src/Module/detail,
					src/lib/AeonKitMapper/src/ModuleExporter,
					src/lib/AeonNode/lib/thunderclap,
					src/lib/AeonNode/lib/thunderclap/detail,
					src/lib/AeonNode/lib/thunderclap/thunderclap.xcodeproj,
					src/lib/AeonNode/lib/thunderclap/thunderclap.xcodeproj/project.xcworkspace,
					src/lib/AeonNode/lib/thunderclap/thunderclap.xcodeproj/project.xcworkspace/xcshareddata,
					src/lib/AeonNode/lib/thunderclap/thunderclap.xcodeproj/project.xcworkspace/xcuserdata/Akira.xcuserdatad,
					src/lib/AeonNode/lib/thunderclap/thunderclap.xcodeproj/xcuserdata/Akira.xcuserdatad/xcschemes,
					src/lib/AeonNode/src,
					../../../addons/ofxDatGui/src,
					../../../addons/ofxDatGui/src/components,
					../../../addons/ofxDatGui/src/core,
					../../../addons/ofxDatGui/src/libs,
					../../../addons/ofxDatGui/src/libs/ofxSmartFont,
					../../../addons/ofxDatGui/src/themes,
					../../../addons/ofxHierarchy/src,
					../../../addons/ofxSmartFont/src,
				);
				MACOSX_DEPLOYMENT_TARGET = 10.8;
				OTHER_CPLUSPLUSFLAGS = (
					"-D__MACOSX_CORE__",
					"-mtune=native",
				);
				SDKROOT = macosx;
			};
			name = Release;
		};
		E4B69B600A3A1757003C02F2 /* Debug */ = {
			isa = XCBuildConfiguration;
			baseConfigurationReference = E4EB6923138AFD0F00A09F29 /* Project.xcconfig */;
			buildSettings = {
				COMBINE_HIDPI_IMAGES = YES;
				COPY_PHASE_STRIP = NO;
				FRAMEWORK_SEARCH_PATHS = (
					"$(inherited)",
					"$(FRAMEWORK_SEARCH_PATHS_QUOTED_FOR_TARGET_1)",
				);
				FRAMEWORK_SEARCH_PATHS_QUOTED_FOR_TARGET_1 = "\"$(SRCROOT)/../../../libs/glut/lib/osx\"";
				GCC_DYNAMIC_NO_PIC = NO;
				GCC_GENERATE_DEBUGGING_SYMBOLS = YES;
				GCC_MODEL_TUNING = NONE;
				HEADER_SEARCH_PATHS = (
					"$(OF_CORE_HEADERS)",
					src,
					src/lib/AeonKitMapper/lib/ujson,
					src/lib/AeonKitMapper/lib/ujson/examples,
					src/lib/AeonKitMapper/lib/ujson/test,
					src/lib/AeonKitMapper/lib/ujson/test/testcases,
					src/lib/AeonKitMapper/lib/ujson/ujson,
					"src/lib/AeonKitMapper/lib/ujson/ujson/double-conversion",
					src/lib/AeonKitMapper/src,
					src/lib/AeonKitMapper/src/Module,
					src/lib/AeonKitMapper/src/Module/Condition,
					src/lib/AeonKitMapper/src/Module/Condition/detail,
					src/lib/AeonKitMapper/src/Module/Hardware,
					src/lib/AeonKitMapper/src/Module/Hardware/DisplayModule,
					src/lib/AeonKitMapper/src/Module/Hardware/SensorModule,
					src/lib/AeonKitMapper/src/Module/Logic,
					src/lib/AeonKitMapper/src/Module/Utility/CounterModule,
					src/lib/AeonKitMapper/src/Module/Utility/StringConverterModule,
					src/lib/AeonKitMapper/src/Module/Utility/StringConverterModule/detail,
					src/lib/AeonKitMapper/src/Module/detail,
					src/lib/AeonKitMapper/src/ModuleExporter,
					src/lib/AeonNode/lib/thunderclap,
					src/lib/AeonNode/lib/thunderclap/detail,
					src/lib/AeonNode/lib/thunderclap/thunderclap.xcodeproj,
					src/lib/AeonNode/lib/thunderclap/thunderclap.xcodeproj/project.xcworkspace,
					src/lib/AeonNode/lib/thunderclap/thunderclap.xcodeproj/project.xcworkspace/xcshareddata,
					src/lib/AeonNode/lib/thunderclap/thunderclap.xcodeproj/project.xcworkspace/xcuserdata/Akira.xcuserdatad,
					src/lib/AeonNode/lib/thunderclap/thunderclap.xcodeproj/xcuserdata/Akira.xcuserdatad/xcschemes,
					src/lib/AeonNode/src,
					../../../addons/ofxDatGui/src,
					../../../addons/ofxDatGui/src/components,
					../../../addons/ofxDatGui/src/core,
					../../../addons/ofxDatGui/src/libs,
					../../../addons/ofxDatGui/src/libs/ofxSmartFont,
					../../../addons/ofxDatGui/src/themes,
					../../../addons/ofxHierarchy/src,
					../../../addons/ofxSmartFont/src,
				);
				ICON = "$(ICON_NAME_DEBUG)";
				ICON_FILE = "$(ICON_FILE_PATH)$(ICON)";
				INFOPLIST_FILE = "openFrameworks-Info.plist";
				INSTALL_PATH = "$(HOME)/Applications";
				LIBRARY_SEARCH_PATHS = "$(inherited)";
				PRODUCT_NAME = "$(TARGET_NAME)Debug";
				WRAPPER_EXTENSION = app;
			};
			name = Debug;
		};
		E4B69B610A3A1757003C02F2 /* Release */ = {
			isa = XCBuildConfiguration;
			baseConfigurationReference = E4EB6923138AFD0F00A09F29 /* Project.xcconfig */;
			buildSettings = {
				COMBINE_HIDPI_IMAGES = YES;
				COPY_PHASE_STRIP = YES;
				FRAMEWORK_SEARCH_PATHS = (
					"$(inherited)",
					"$(FRAMEWORK_SEARCH_PATHS_QUOTED_FOR_TARGET_1)",
				);
				FRAMEWORK_SEARCH_PATHS_QUOTED_FOR_TARGET_1 = "\"$(SRCROOT)/../../../libs/glut/lib/osx\"";
				GCC_GENERATE_DEBUGGING_SYMBOLS = YES;
				GCC_MODEL_TUNING = NONE;
				HEADER_SEARCH_PATHS = (
					"$(OF_CORE_HEADERS)",
					src,
					src/lib/AeonKitMapper/lib/ujson,
					src/lib/AeonKitMapper/lib/ujson/examples,
					src/lib/AeonKitMapper/lib/ujson/test,
					src/lib/AeonKitMapper/lib/ujson/test/testcases,
					src/lib/AeonKitMapper/lib/ujson/ujson,
					"src/lib/AeonKitMapper/lib/ujson/ujson/double-conversion",
					src/lib/AeonKitMapper/src,
					src/lib/AeonKitMapper/src/Module,
					src/lib/AeonKitMapper/src/Module/Condition,
					src/lib/AeonKitMapper/src/Module/Condition/detail,
					src/lib/AeonKitMapper/src/Module/Hardware,
					src/lib/AeonKitMapper/src/Module/Hardware/DisplayModule,
					src/lib/AeonKitMapper/src/Module/Hardware/SensorModule,
					src/lib/AeonKitMapper/src/Module/Logic,
					src/lib/AeonKitMapper/src/Module/Utility/CounterModule,
					src/lib/AeonKitMapper/src/Module/Utility/StringConverterModule,
					src/lib/AeonKitMapper/src/Module/Utility/StringConverterModule/detail,
					src/lib/AeonKitMapper/src/Module/detail,
					src/lib/AeonKitMapper/src/ModuleExporter,
					src/lib/AeonNode/lib/thunderclap,
					src/lib/AeonNode/lib/thunderclap/detail,
					src/lib/AeonNode/lib/thunderclap/thunderclap.xcodeproj,
					src/lib/AeonNode/lib/thunderclap/thunderclap.xcodeproj/project.xcworkspace,
					src/lib/AeonNode/lib/thunderclap/thunderclap.xcodeproj/project.xcworkspace/xcshareddata,
					src/lib/AeonNode/lib/thunderclap/thunderclap.xcodeproj/project.xcworkspace/xcuserdata/Akira.xcuserdatad,
					src/lib/AeonNode/lib/thunderclap/thunderclap.xcodeproj/xcuserdata/Akira.xcuserdatad/xcschemes,
					src/lib/AeonNode/src,
					../../../addons/ofxDatGui/src,
					../../../addons/ofxDatGui/src/components,
					../../../addons/ofxDatGui/src/core,
					../../../addons/ofxDatGui/src/libs,
					../../../addons/ofxDatGui/src/libs/ofxSmartFont,
					../../../addons/ofxDatGui/src/themes,
					../../../addons/ofxHierarchy/src,
					../../../addons/ofxSmartFont/src,
				);
				ICON = "$(ICON_NAME_RELEASE)";
				ICON_FILE = "$(ICON_FILE_PATH)$(ICON)";
				INFOPLIST_FILE = "openFrameworks-Info.plist";
				INSTALL_PATH = "$(HOME)/Applications";
				LIBRARY_SEARCH_PATHS = "$(inherited)";
				PRODUCT_NAME = "$(TARGET_NAME)";
				WRAPPER_EXTENSION = app;
				baseConfigurationReference = E4EB6923138AFD0F00A09F29;
			};
			name = Release;
		};
/* End XCBuildConfiguration section */

/* Begin XCConfigurationList section */
		E4B69B4D0A3A1720003C02F2 /* Build configuration list for PBXProject "AeonNodeEditor" */ = {
			isa = XCConfigurationList;
			buildConfigurations = (
				E4B69B4E0A3A1720003C02F2 /* Debug */,
				E4B69B4F0A3A1720003C02F2 /* Release */,
			);
			defaultConfigurationIsVisible = 0;
			defaultConfigurationName = Release;
		};
		E4B69B5F0A3A1757003C02F2 /* Build configuration list for PBXNativeTarget "AeonNodeEditor" */ = {
			isa = XCConfigurationList;
			buildConfigurations = (
				E4B69B600A3A1757003C02F2 /* Debug */,
				E4B69B610A3A1757003C02F2 /* Release */,
			);
			defaultConfigurationIsVisible = 0;
			defaultConfigurationName = Release;
		};
/* End XCConfigurationList section */
	};
	rootObject = E4B69B4C0A3A1720003C02F2 /* Project object */;
}
